
Microsoft Visual Studio Solution File, Format Version 12.00
# Visual Studio Version 17
VisualStudioVersion = 17.13.35825.156 d17.13
MinimumVisualStudioVersion = 10.0.40219.1
Project("{FAE04EC0-301F-11D3-BF4B-00C04F79EFBC}") = "ln.MDK.01.01", "ln.MDK.01.01.csproj", "{46221056-586F-435C-A3F6-FE6DC3D9266A}"
EndProject
Global
	GlobalSection(SolutionConfigurationPlatforms) = preSolution
		Debug|Any CPU = Debug|Any CPU
		Release|Any CPU = Release|Any CPU
	EndGlobalSection
	GlobalSection(ProjectConfigurationPlatforms) = postSolution
		{46221056-586F-435C-A3F6-FE6DC3D9266A}.Debug|Any CPU.ActiveCfg = Debug|Any CPU
		{46221056-586F-435C-A3F6-FE6DC3D9266A}.Debug|Any CPU.Build.0 = Debug|Any CPU
		{46221056-586F-435C-A3F6-FE6DC3D9266A}.Release|Any CPU.ActiveCfg = Release|Any CPU
		{46221056-586F-435C-A3F6-FE6DC3D9266A}.Release|Any CPU.Build.0 = Release|Any CPU
	EndGlobalSection
	GlobalSection(SolutionProperties) = preSolution
		HideSolutionNode = FALSE
	EndGlobalSection
	GlobalSection(ExtensibilityGlobals) = postSolution
		SolutionGuid = {7BCC2C85-1131-4F01-BE69-930FE1526EB7}
	EndGlobalSection
EndGlobal
