
Microsoft Visual Studio Solution File, Format Version 12.00
# Visual Studio Version 17
VisualStudioVersion = 17.11.35327.3
MinimumVisualStudioVersion = 10.0.40219.1
Project("{FAE04EC0-301F-11D3-BF4B-00C04F79EFBC}") = "Zadacha_2", "Zadacha_2.csproj", "{F8FAA51B-5BA1-4FF5-A9BC-EB1C2A22A982}"
EndProject
Global
	GlobalSection(SolutionConfigurationPlatforms) = preSolution
		Debug|Any CPU = Debug|Any CPU
		Release|Any CPU = Release|Any CPU
	EndGlobalSection
	GlobalSection(ProjectConfigurationPlatforms) = postSolution
		{F8FAA51B-5BA1-4FF5-A9BC-EB1C2A22A982}.Debug|Any CPU.ActiveCfg = Debug|Any CPU
		{F8FAA51B-5BA1-4FF5-A9BC-EB1C2A22A982}.Debug|Any CPU.Build.0 = Debug|Any CPU
		{F8FAA51B-5BA1-4FF5-A9BC-EB1C2A22A982}.Release|Any CPU.ActiveCfg = Release|Any CPU
		{F8FAA51B-5BA1-4FF5-A9BC-EB1C2A22A982}.Release|Any CPU.Build.0 = Release|Any CPU
	EndGlobalSection
	GlobalSection(SolutionProperties) = preSolution
		HideSolutionNode = FALSE
	EndGlobalSection
	GlobalSection(ExtensibilityGlobals) = postSolution
		SolutionGuid = {FF2003C5-FA9D-4A37-A43B-B55AF8917617}
	EndGlobalSection
EndGlobal
